
Microsoft Visual Studio Solution File, Format Version 12.00
# Visual Studio Version 17
VisualStudioVersion = 17.9.34701.34
MinimumVisualStudioVersion = 10.0.40219.1
Project("{FAE04EC0-301F-11D3-BF4B-00C04F79EFBC}") = "WebAppMVC", "WebAppMVC.csproj", "{C728811F-EA7A-480E-9A4F-B834F01A5D9A}"
EndProject
Global
	GlobalSection(SolutionConfigurationPlatforms) = preSolution
		Debug|Any CPU = Debug|Any CPU
		Release|Any CPU = Release|Any CPU
	EndGlobalSection
	GlobalSection(ProjectConfigurationPlatforms) = postSolution
		{C728811F-EA7A-480E-9A4F-B834F01A5D9A}.Debug|Any CPU.ActiveCfg = Debug|Any CPU
		{C728811F-EA7A-480E-9A4F-B834F01A5D9A}.Debug|Any CPU.Build.0 = Debug|Any CPU
		{C728811F-EA7A-480E-9A4F-B834F01A5D9A}.Release|Any CPU.ActiveCfg = Release|Any CPU
		{C728811F-EA7A-480E-9A4F-B834F01A5D9A}.Release|Any CPU.Build.0 = Release|Any CPU
	EndGlobalSection
	GlobalSection(SolutionProperties) = preSolution
		HideSolutionNode = FALSE
	EndGlobalSection
	GlobalSection(ExtensibilityGlobals) = postSolution
		SolutionGuid = {DA846425-3D24-4B54-8CCD-74709FC0F768}
	EndGlobalSection
EndGlobal
